{
  "name": "nodejs_qrcode_generate",
  "version": "1.0.0",
  "lockfileVersion": 1,
  "requires": true,
  "dependencies": {
    "fs": {
      "version": "0.0.1-security",
      "resolved": "https://registry.npmjs.org/fs/-/fs-0.0.1-security.tgz",
      "integrity": "sha1-invTcYa23d84E/I4WLV+yq9eQdQ="
    },
    "node-qr-image": {
      "version": "0.0.1",
      "resolved": "https://registry.npmjs.org/node-qr-image/-/node-qr-image-0.0.1.tgz",
      "integrity": "sha1-rsO5sA1a7LaZg2wM9rlRXGed0Fo=",
      "requires": {
        "pako": "^0.2.5"
      }
    },
    "pako": {
      "version": "0.2.9",
      "resolved": "https://registry.npmjs.org/pako/-/pako-0.2.9.tgz",
      "integrity": "sha1-8/dSL073gjSNqBYbrZ7P1Rv4OnU=",
      "optional": true
    }
  }
}
